
Microsoft Visual Studio Solution File, Format Version 12.00
# Visual Studio 15
VisualStudioVersion = 15.0.28307.421
MinimumVisualStudioVersion = 10.0.40219.1
Project("{FAE04EC0-301F-11D3-BF4B-00C04F79EFBC}") = "BankApp-WebService", "BankApp-WebService\BankApp-WebService.csproj", "{F431B9C7-3768-4816-B8FE-275B4C9C2F6B}"
EndProject
Global
	GlobalSection(SolutionConfigurationPlatforms) = preSolution
		Debug|Any CPU = Debug|Any CPU
		Release|Any CPU = Release|Any CPU
	EndGlobalSection
	GlobalSection(ProjectConfigurationPlatforms) = postSolution
		{F431B9C7-3768-4816-B8FE-275B4C9C2F6B}.Debug|Any CPU.ActiveCfg = Debug|Any CPU
		{F431B9C7-3768-4816-B8FE-275B4C9C2F6B}.Debug|Any CPU.Build.0 = Debug|Any CPU
		{F431B9C7-3768-4816-B8FE-275B4C9C2F6B}.Release|Any CPU.ActiveCfg = Release|Any CPU
		{F431B9C7-3768-4816-B8FE-275B4C9C2F6B}.Release|Any CPU.Build.0 = Release|Any CPU
	EndGlobalSection
	GlobalSection(SolutionProperties) = preSolution
		HideSolutionNode = FALSE
	EndGlobalSection
	GlobalSection(ExtensibilityGlobals) = postSolution
		SolutionGuid = {D1123259-6C57-4DA8-92E3-E96F0CF56593}
	EndGlobalSection
EndGlobal
